{
  "name": "library",
  "version": "1.0.0",
  "lockfileVersion": 2,
  "requires": true,
  "packages": {
    "": {
      "name": "library",
      "version": "1.0.0",
      "license": "ISC",
      "dependencies": {
        "@kotaviy/project": "^1.0.0"
      }
    },
    "node_modules/@kotaviy/project": {
      "version": "1.0.0",
      "resolved": "https://npm.pkg.github.com/download/@kotaviy/project/1.0.0/305e394d37d7152031abb30f3622c1d07a1792400412e37c7493bc5ef3c6133b",
      "integrity": "sha512-WFAgiezOzgSuXi2S1cI3t8YgzinZCTAJs5heZznvjMmWYFL2iAh9oGv7PQReyQ+D05S3c5bszO8E2G2gzCUpgQ==",
      "license": "ISC"
    }
  },
  "dependencies": {
    "@kotaviy/project": {
      "version": "1.0.0",
      "resolved": "https://npm.pkg.github.com/download/@kotaviy/project/1.0.0/305e394d37d7152031abb30f3622c1d07a1792400412e37c7493bc5ef3c6133b",
      "integrity": "sha512-WFAgiezOzgSuXi2S1cI3t8YgzinZCTAJs5heZznvjMmWYFL2iAh9oGv7PQReyQ+D05S3c5bszO8E2G2gzCUpgQ=="
    }
  }
}
